// !$*UTF8*$!
{
	archiveVersion = 1;
	classes = {
	};
	objectVersion = 46;
	objects = {

/* Begin PBXBuildFile section */
		847D22211DBA080C003BB0C2 /* AppDelegate.swift in Sources */ = {isa = PBXBuildFile; fileRef = 847D22201DBA080C003BB0C2 /* AppDelegate.swift */; };
		847D22231DBA080C003BB0C2 /* ViewController.swift in Sources */ = {isa = PBXBuildFile; fileRef = 847D22221DBA080C003BB0C2 /* ViewController.swift */; };
		847D22261DBA080C003BB0C2 /* Main.storyboard in Resources */ = {isa = PBXBuildFile; fileRef = 847D22241DBA080C003BB0C2 /* Main.storyboard */; };
		847D22281DBA080C003BB0C2 /* Assets.xcassets in Resources */ = {isa = PBXBuildFile; fileRef = 847D22271DBA080C003BB0C2 /* Assets.xcassets */; };
		847D222B1DBA080C003BB0C2 /* LaunchScreen.storyboard in Resources */ = {isa = PBXBuildFile; fileRef = 847D22291DBA080C003BB0C2 /* LaunchScreen.storyboard */; };
		847D22341DBA0A1E003BB0C2 /* ball.png in Resources */ = {isa = PBXBuildFile; fileRef = 847D22331DBA0A1E003BB0C2 /* ball.png */; };
		84B763531DBDF95C00CA1B2A /* Grass_by_elpinchoDesigns.png in Resources */ = {isa = PBXBuildFile; fileRef = 84B763521DBDF95C00CA1B2A /* Grass_by_elpinchoDesigns.png */; };
		84B763591DBDFB8C00CA1B2A /* ball2.png in Resources */ = {isa = PBXBuildFile; fileRef = 84B763581DBDFB8C00CA1B2A /* ball2.png */; };
/* End PBXBuildFile section */

/* Begin PBXFileReference section */
		847D221D1DBA080C003BB0C2 /* RunningBall.app */ = {isa = PBXFileReference; explicitFileType = wrapper.application; includeInIndex = 0; path = RunningBall.app; sourceTree = BUILT_PRODUCTS_DIR; };
		847D22201DBA080C003BB0C2 /* AppDelegate.swift */ = {isa = PBXFileReference; lastKnownFileType = sourcecode.swift; path = AppDelegate.swift; sourceTree = "<group>"; };
		847D22221DBA080C003BB0C2 /* ViewController.swift */ = {isa = PBXFileReference; lastKnownFileType = sourcecode.swift; path = ViewController.swift; sourceTree = "<group>"; };
		847D22251DBA080C003BB0C2 /* Base */ = {isa = PBXFileReference; lastKnownFileType = file.storyboard; name = Base; path = Base.lproj/Main.storyboard; sourceTree = "<group>"; };
		847D22271DBA080C003BB0C2 /* Assets.xcassets */ = {isa = PBXFileReference; lastKnownFileType = folder.assetcatalog; path = Assets.xcassets; sourceTree = "<group>"; };
		847D222A1DBA080C003BB0C2 /* Base */ = {isa = PBXFileReference; lastKnownFileType = file.storyboard; name = Base; path = Base.lproj/LaunchScreen.storyboard; sourceTree = "<group>"; };
		847D222C1DBA080C003BB0C2 /* Info.plist */ = {isa = PBXFileReference; lastKnownFileType = text.plist.xml; path = Info.plist; sourceTree = "<group>"; };
		847D22331DBA0A1E003BB0C2 /* ball.png */ = {isa = PBXFileReference; lastKnownFileType = image.png; path = ball.png; sourceTree = "<group>"; };
		84B763521DBDF95C00CA1B2A /* Grass_by_elpinchoDesigns.png */ = {isa = PBXFileReference; lastKnownFileType = image.png; path = Grass_by_elpinchoDesigns.png; sourceTree = "<group>"; };
		84B763581DBDFB8C00CA1B2A /* ball2.png */ = {isa = PBXFileReference; lastKnownFileType = image.png; path = ball2.png; sourceTree = "<group>"; };
/* End PBXFileReference section */

/* Begin PBXFrameworksBuildPhase section */
		847D221A1DBA080C003BB0C2 /* Frameworks */ = {
			isa = PBXFrameworksBuildPhase;
			buildActionMask = 2147483647;
			files = (
			);
			runOnlyForDeploymentPostprocessing = 0;
		};
/* End PBXFrameworksBuildPhase section */

/* Begin PBXGroup section */
		847D22141DBA080C003BB0C2 = {
			isa = PBXGroup;
			children = (
				847D221F1DBA080C003BB0C2 /* RunningBall */,
				847D221E1DBA080C003BB0C2 /* Products */,
			);
			sourceTree = "<group>";
		};
		847D221E1DBA080C003BB0C2 /* Products */ = {
			isa = PBXGroup;
			children = (
				847D221D1DBA080C003BB0C2 /* RunningBall.app */,
			);
			name = Products;
			sourceTree = "<group>";
		};
		847D221F1DBA080C003BB0C2 /* RunningBall */ = {
			isa = PBXGroup;
			children = (
				847D22321DBA09F7003BB0C2 /* resource */,
				847D22201DBA080C003BB0C2 /* AppDelegate.swift */,
				847D22221DBA080C003BB0C2 /* ViewController.swift */,
				847D22241DBA080C003BB0C2 /* Main.storyboard */,
				847D22271DBA080C003BB0C2 /* Assets.xcassets */,
				847D22291DBA080C003BB0C2 /* LaunchScreen.storyboard */,
				847D222C1DBA080C003BB0C2 /* Info.plist */,
			);
			path = RunningBall;
			sourceTree = "<group>";
		};
		847D22321DBA09F7003BB0C2 /* resource */ = {
			isa = PBXGroup;
			children = (
				84B763581DBDFB8C00CA1B2A /* ball2.png */,
				84B763521DBDF95C00CA1B2A /* Grass_by_elpinchoDesigns.png */,
				847D22331DBA0A1E003BB0C2 /* ball.png */,
			);
			name = resource;
			sourceTree = "<group>";
		};
/* End PBXGroup section */

/* Begin PBXNativeTarget section */
		847D221C1DBA080C003BB0C2 /* RunningBall */ = {
			isa = PBXNativeTarget;
			buildConfigurationList = 847D222F1DBA080C003BB0C2 /* Build configuration list for PBXNativeTarget "RunningBall" */;
			buildPhases = (
				847D22191DBA080C003BB0C2 /* Sources */,
				847D221A1DBA080C003BB0C2 /* Frameworks */,
				847D221B1DBA080C003BB0C2 /* Resources */,
			);
			buildRules = (
			);
			dependencies = (
			);
			name = RunningBall;
			productName = RunningBall;
			productReference = 847D221D1DBA080C003BB0C2 /* RunningBall.app */;
			productType = "com.apple.product-type.application";
		};
/* End PBXNativeTarget section */

/* Begin PBXProject section */
		847D22151DBA080C003BB0C2 /* Project object */ = {
			isa = PBXProject;
			attributes = {
				LastSwiftUpdateCheck = 0800;
				LastUpgradeCheck = 0800;
				ORGANIZATIONNAME = admin;
				TargetAttributes = {
					847D221C1DBA080C003BB0C2 = {
						CreatedOnToolsVersion = 8.0;
						ProvisioningStyle = Automatic;
					};
				};
			};
			buildConfigurationList = 847D22181DBA080C003BB0C2 /* Build configuration list for PBXProject "RunningBall" */;
			compatibilityVersion = "Xcode 3.2";
			developmentRegion = English;
			hasScannedForEncodings = 0;
			knownRegions = (
				en,
				Base,
			);
			mainGroup = 847D22141DBA080C003BB0C2;
			productRefGroup = 847D221E1DBA080C003BB0C2 /* Products */;
			projectDirPath = "";
			projectRoot = "";
			targets = (
				847D221C1DBA080C003BB0C2 /* RunningBall */,
			);
		};
/* End PBXProject section */

/* Begin PBXResourcesBuildPhase section */
		847D221B1DBA080C003BB0C2 /* Resources */ = {
			isa = PBXResourcesBuildPhase;
			buildActionMask = 2147483647;
			files = (
				847D222B1DBA080C003BB0C2 /* LaunchScreen.storyboard in Resources */,
				847D22281DBA080C003BB0C2 /* Assets.xcassets in Resources */,
				84B763531DBDF95C00CA1B2A /* Grass_by_elpinchoDesigns.png in Resources */,
				847D22341DBA0A1E003BB0C2 /* ball.png in Resources */,
				84B763591DBDFB8C00CA1B2A /* ball2.png in Resources */,
				847D22261DBA080C003BB0C2 /* Main.storyboard in Resources */,
			);
			runOnlyForDeploymentPostprocessing = 0;
		};
/* End PBXResourcesBuildPhase section */

/* Begin PBXSourcesBuildPhase section */
		847D22191DBA080C003BB0C2 /* Sources */ = {
			isa = PBXSourcesBuildPhase;
			buildActionMask = 2147483647;
			files = (
				847D22231DBA080C003BB0C2 /* ViewController.swift in Sources */,
				847D22211DBA080C003BB0C2 /* AppDelegate.swift in Sources */,
			);
			runOnlyForDeploymentPostprocessing = 0;
		};
/* End PBXSourcesBuildPhase section */

/* Begin PBXVariantGroup section */
		847D22241DBA080C003BB0C2 /* Main.storyboard */ = {
			isa = PBXVariantGroup;
			children = (
				847D22251DBA080C003BB0C2 /* Base */,
			);
			name = Main.storyboard;
			sourceTree = "<group>";
		};
		847D22291DBA080C003BB0C2 /* LaunchScreen.storyboard */ = {
			isa = PBXVariantGroup;
			children = (
				847D222A1DBA080C003BB0C2 /* Base */,
			);
			name = LaunchScreen.storyboard;
			sourceTree = "<group>";
		};
/* End PBXVariantGroup section */

/* Begin XCBuildConfiguration section */
		847D222D1DBA080C003BB0C2 /* Debug */ = {
			isa = XCBuildConfiguration;
			buildSettings = {
				ALWAYS_SEARCH_USER_PATHS = NO;
				CLANG_ANALYZER_NONNULL = YES;
				CLANG_CXX_LANGUAGE_STANDARD = "gnu++0x";
				CLANG_CXX_LIBRARY = "libc++";
				CLANG_ENABLE_MODULES = YES;
				CLANG_ENABLE_OBJC_ARC = YES;
				CLANG_WARN_BOOL_CONVERSION = YES;
				CLANG_WARN_CONSTANT_CONVERSION = YES;
				CLANG_WARN_DIRECT_OBJC_ISA_USAGE = YES_ERROR;
				CLANG_WARN_DOCUMENTATION_COMMENTS = YES;
				CLANG_WARN_EMPTY_BODY = YES;
				CLANG_WARN_ENUM_CONVERSION = YES;
				CLANG_WARN_INFINITE_RECURSION = YES;
				CLANG_WARN_INT_CONVERSION = YES;
				CLANG_WARN_OBJC_ROOT_CLASS = YES_ERROR;
				CLANG_WARN_SUSPICIOUS_MOVES = YES;
				CLANG_WARN_UNREACHABLE_CODE = YES;
				CLANG_WARN__DUPLICATE_METHOD_MATCH = YES;
				"CODE_SIGN_IDENTITY[sdk=iphoneos*]" = "iPhone Developer";
				COPY_PHASE_STRIP = NO;
				DEBUG_INFORMATION_FORMAT = dwarf;
				ENABLE_STRICT_OBJC_MSGSEND = YES;
				ENABLE_TESTABILITY = YES;
				GCC_C_LANGUAGE_STANDARD = gnu99;
				GCC_DYNAMIC_NO_PIC = NO;
				GCC_NO_COMMON_BLOCKS = YES;
				GCC_OPTIMIZATION_LEVEL = 0;
				GCC_PREPROCESSOR_DEFINITIONS = (
					"DEBUG=1",
					"$(inherited)",
				);
				GCC_WARN_64_TO_32_BIT_CONVERSION = YES;
				GCC_WARN_ABOUT_RETURN_TYPE = YES_ERROR;
				GCC_WARN_UNDECLARED_SELECTOR = YES;
				GCC_WARN_UNINITIALIZED_AUTOS = YES_AGGRESSIVE;
				GCC_WARN_UNUSED_FUNCTION = YES;
				GCC_WARN_UNUSED_VARIABLE = YES;
				IPHONEOS_DEPLOYMENT_TARGET = 10.0;
				MTL_ENABLE_DEBUG_INFO = YES;
				ONLY_ACTIVE_ARCH = YES;
				SDKROOT = iphoneos;
				SWIFT_ACTIVE_COMPILATION_CONDITIONS = DEBUG;
				SWIFT_OPTIMIZATION_LEVEL = "-Onone";
				TARGETED_DEVICE_FAMILY = "1,2";
			};
			name = Debug;
		};
		847D222E1DBA080C003BB0C2 /* Release */ = {
			isa = XCBuildConfiguration;
			buildSettings = {
				ALWAYS_SEARCH_USER_PATHS = NO;
				CLANG_ANALYZER_NONNULL = YES;
				CLANG_CXX_LANGUAGE_STANDARD = "gnu++0x";
				CLANG_CXX_LIBRARY = "libc++";
				CLANG_ENABLE_MODULES = YES;
				CLANG_ENABLE_OBJC_ARC = YES;
				CLANG_WARN_BOOL_CONVERSION = YES;
				CLANG_WARN_CONSTANT_CONVERSION = YES;
				CLANG_WARN_DIRECT_OBJC_ISA_USAGE = YES_ERROR;
				CLANG_WARN_DOCUMENTATION_COMMENTS = YES;
				CLANG_WARN_EMPTY_BODY = YES;
				CLANG_WARN_ENUM_CONVERSION = YES;
				CLANG_WARN_INFINITE_RECURSION = YES;
				CLANG_WARN_INT_CONVERSION = YES;
				CLANG_WARN_OBJC_ROOT_CLASS = YES_ERROR;
				CLANG_WARN_SUSPICIOUS_MOVES = YES;
				CLANG_WARN_UNREACHABLE_CODE = YES;
				CLANG_WARN__DUPLICATE_METHOD_MATCH = YES;
				"CODE_SIGN_IDENTITY[sdk=iphoneos*]" = "iPhone Developer";
				COPY_PHASE_STRIP = NO;
				DEBUG_INFORMATION_FORMAT = "dwarf-with-dsym";
				ENABLE_NS_ASSERTIONS = NO;
				ENABLE_STRICT_OBJC_MSGSEND = YES;
				GCC_C_LANGUAGE_STANDARD = gnu99;
				GCC_NO_COMMON_BLOCKS = YES;
				GCC_WARN_64_TO_32_BIT_CONVERSION = YES;
				GCC_WARN_ABOUT_RETURN_TYPE = YES_ERROR;
				GCC_WARN_UNDECLARED_SELECTOR = YES;
				GCC_WARN_UNINITIALIZED_AUTOS = YES_AGGRESSIVE;
				GCC_WARN_UNUSED_FUNCTION = YES;
				GCC_WARN_UNUSED_VARIABLE = YES;
				IPHONEOS_DEPLOYMENT_TARGET = 10.0;
				MTL_ENABLE_DEBUG_INFO = NO;
				SDKROOT = iphoneos;
				SWIFT_OPTIMIZATION_LEVEL = "-Owholemodule";
				TARGETED_DEVICE_FAMILY = "1,2";
				VALIDATE_PRODUCT = YES;
			};
			name = Release;
		};
		847D22301DBA080C003BB0C2 /* Debug */ = {
			isa = XCBuildConfiguration;
			buildSettings = {
				ASSETCATALOG_COMPILER_APPICON_NAME = AppIcon;
				INFOPLIST_FILE = RunningBall/Info.plist;
				LD_RUNPATH_SEARCH_PATHS = "$(inherited) @executable_path/Frameworks";
				PRODUCT_BUNDLE_IDENTIFIER = com.quynv186.RunningBall;
				PRODUCT_NAME = "$(TARGET_NAME)";
				SWIFT_VERSION = 3.0;
			};
			name = Debug;
		};
		847D22311DBA080C003BB0C2 /* Release */ = {
			isa = XCBuildConfiguration;
			buildSettings = {
				ASSETCATALOG_COMPILER_APPICON_NAME = AppIcon;
				INFOPLIST_FILE = RunningBall/Info.plist;
				LD_RUNPATH_SEARCH_PATHS = "$(inherited) @executable_path/Frameworks";
				PRODUCT_BUNDLE_IDENTIFIER = com.quynv186.RunningBall;
				PRODUCT_NAME = "$(TARGET_NAME)";
				SWIFT_VERSION = 3.0;
			};
			name = Release;
		};
/* End XCBuildConfiguration section */

/* Begin XCConfigurationList section */
		847D22181DBA080C003BB0C2 /* Build configuration list for PBXProject "RunningBall" */ = {
			isa = XCConfigurationList;
			buildConfigurations = (
				847D222D1DBA080C003BB0C2 /* Debug */,
				847D222E1DBA080C003BB0C2 /* Release */,
			);
			defaultConfigurationIsVisible = 0;
			defaultConfigurationName = Release;
		};
		847D222F1DBA080C003BB0C2 /* Build configuration list for PBXNativeTarget "RunningBall" */ = {
			isa = XCConfigurationList;
			buildConfigurations = (
				847D22301DBA080C003BB0C2 /* Debug */,
				847D22311DBA080C003BB0C2 /* Release */,
			);
			defaultConfigurationIsVisible = 0;
			defaultConfigurationName = Release;
		};
/* End XCConfigurationList section */
	};
	rootObject = 847D22151DBA080C003BB0C2 /* Project object */;
}
